
Microsoft Visual Studio Solution File, Format Version 12.00
# Visual Studio Version 17
VisualStudioVersion = 17.9.34607.119
MinimumVisualStudioVersion = 10.0.40219.1
Project("{FAE04EC0-301F-11D3-BF4B-00C04F79EFBC}") = "BackEnd", "BackEnd\BackEnd.csproj", "{E41D0A53-2F05-4932-AE11-3102C8C7248B}"
EndProject
Global
	GlobalSection(SolutionConfigurationPlatforms) = preSolution
		Debug|Any CPU = Debug|Any CPU
		Release|Any CPU = Release|Any CPU
	EndGlobalSection
	GlobalSection(ProjectConfigurationPlatforms) = postSolution
		{E41D0A53-2F05-4932-AE11-3102C8C7248B}.Debug|Any CPU.ActiveCfg = Debug|Any CPU
		{E41D0A53-2F05-4932-AE11-3102C8C7248B}.Debug|Any CPU.Build.0 = Debug|Any CPU
		{E41D0A53-2F05-4932-AE11-3102C8C7248B}.Release|Any CPU.ActiveCfg = Release|Any CPU
		{E41D0A53-2F05-4932-AE11-3102C8C7248B}.Release|Any CPU.Build.0 = Release|Any CPU
	EndGlobalSection
	GlobalSection(SolutionProperties) = preSolution
		HideSolutionNode = FALSE
	EndGlobalSection
	GlobalSection(ExtensibilityGlobals) = postSolution
		SolutionGuid = {51C7A23E-0B5D-4101-B89E-99D1FE0A38F4}
	EndGlobalSection
EndGlobal
